
Microsoft Visual Studio Solution File, Format Version 12.00
# Visual Studio Version 17
VisualStudioVersion = 17.11.35327.3
MinimumVisualStudioVersion = 10.0.40219.1
Project("{FAE04EC0-301F-11D3-BF4B-00C04F79EFBC}") = "fatorial", "fatorial.csproj", "{31E163C1-031C-43A9-94F9-2FD072E3B666}"
EndProject
Global
	GlobalSection(SolutionConfigurationPlatforms) = preSolution
		Debug|Any CPU = Debug|Any CPU
		Release|Any CPU = Release|Any CPU
	EndGlobalSection
	GlobalSection(ProjectConfigurationPlatforms) = postSolution
		{31E163C1-031C-43A9-94F9-2FD072E3B666}.Debug|Any CPU.ActiveCfg = Debug|Any CPU
		{31E163C1-031C-43A9-94F9-2FD072E3B666}.Debug|Any CPU.Build.0 = Debug|Any CPU
		{31E163C1-031C-43A9-94F9-2FD072E3B666}.Release|Any CPU.ActiveCfg = Release|Any CPU
		{31E163C1-031C-43A9-94F9-2FD072E3B666}.Release|Any CPU.Build.0 = Release|Any CPU
	EndGlobalSection
	GlobalSection(SolutionProperties) = preSolution
		HideSolutionNode = FALSE
	EndGlobalSection
	GlobalSection(ExtensibilityGlobals) = postSolution
		SolutionGuid = {57E4DD4E-7BA0-4F11-8160-3B7A45AAFDC8}
	EndGlobalSection
EndGlobal
