
Microsoft Visual Studio Solution File, Format Version 12.00
# Visual Studio Version 17
VisualStudioVersion = 17.11.35327.3
MinimumVisualStudioVersion = 10.0.40219.1
Project("{FAE04EC0-301F-11D3-BF4B-00C04F79EFBC}") = "Ex001", "Ex001.csproj", "{5EAB6301-F264-4ADA-920D-4EBE70881212}"
EndProject
Global
	GlobalSection(SolutionConfigurationPlatforms) = preSolution
		Debug|Any CPU = Debug|Any CPU
		Release|Any CPU = Release|Any CPU
	EndGlobalSection
	GlobalSection(ProjectConfigurationPlatforms) = postSolution
		{5EAB6301-F264-4ADA-920D-4EBE70881212}.Debug|Any CPU.ActiveCfg = Debug|Any CPU
		{5EAB6301-F264-4ADA-920D-4EBE70881212}.Debug|Any CPU.Build.0 = Debug|Any CPU
		{5EAB6301-F264-4ADA-920D-4EBE70881212}.Release|Any CPU.ActiveCfg = Release|Any CPU
		{5EAB6301-F264-4ADA-920D-4EBE70881212}.Release|Any CPU.Build.0 = Release|Any CPU
	EndGlobalSection
	GlobalSection(SolutionProperties) = preSolution
		HideSolutionNode = FALSE
	EndGlobalSection
	GlobalSection(ExtensibilityGlobals) = postSolution
		SolutionGuid = {8D2BB755-1BFB-478A-A476-2F3E7E914123}
	EndGlobalSection
EndGlobal
