
Microsoft Visual Studio Solution File, Format Version 12.00
# Visual Studio Version 17
VisualStudioVersion = 17.11.35327.3
MinimumVisualStudioVersion = 10.0.40219.1
Project("{FAE04EC0-301F-11D3-BF4B-00C04F79EFBC}") = "Ex007", "Ex007.csproj", "{8DA884BB-CCF5-4541-BDB2-5181EA39D9CA}"
EndProject
Global
	GlobalSection(SolutionConfigurationPlatforms) = preSolution
		Debug|Any CPU = Debug|Any CPU
		Release|Any CPU = Release|Any CPU
	EndGlobalSection
	GlobalSection(ProjectConfigurationPlatforms) = postSolution
		{8DA884BB-CCF5-4541-BDB2-5181EA39D9CA}.Debug|Any CPU.ActiveCfg = Debug|Any CPU
		{8DA884BB-CCF5-4541-BDB2-5181EA39D9CA}.Debug|Any CPU.Build.0 = Debug|Any CPU
		{8DA884BB-CCF5-4541-BDB2-5181EA39D9CA}.Release|Any CPU.ActiveCfg = Release|Any CPU
		{8DA884BB-CCF5-4541-BDB2-5181EA39D9CA}.Release|Any CPU.Build.0 = Release|Any CPU
	EndGlobalSection
	GlobalSection(SolutionProperties) = preSolution
		HideSolutionNode = FALSE
	EndGlobalSection
	GlobalSection(ExtensibilityGlobals) = postSolution
		SolutionGuid = {7CC8EA63-8E7B-4371-A592-C1AEDB55B9F5}
	EndGlobalSection
EndGlobal
